
Microsoft Visual Studio Solution File, Format Version 12.00
# Visual Studio Version 16
VisualStudioVersion = 16.0.809.7
MinimumVisualStudioVersion = 10.0.40219.1
Project("{FAE04EC0-301F-11D3-BF4B-00C04F79EFBC}") = "AGSIdentity", "AGSIdentity.csproj", "{4791DC48-A9A1-4CFF-8250-7621C34ABE25}"
EndProject
Global
	GlobalSection(SolutionConfigurationPlatforms) = preSolution
		Debug|Any CPU = Debug|Any CPU
		Release|Any CPU = Release|Any CPU
	EndGlobalSection
	GlobalSection(ProjectConfigurationPlatforms) = postSolution
		{4791DC48-A9A1-4CFF-8250-7621C34ABE25}.Debug|Any CPU.ActiveCfg = Debug|Any CPU
		{4791DC48-A9A1-4CFF-8250-7621C34ABE25}.Debug|Any CPU.Build.0 = Debug|Any CPU
		{4791DC48-A9A1-4CFF-8250-7621C34ABE25}.Release|Any CPU.ActiveCfg = Release|Any CPU
		{4791DC48-A9A1-4CFF-8250-7621C34ABE25}.Release|Any CPU.Build.0 = Release|Any CPU
	EndGlobalSection
	GlobalSection(SolutionProperties) = preSolution
		HideSolutionNode = FALSE
	EndGlobalSection
	GlobalSection(ExtensibilityGlobals) = postSolution
		SolutionGuid = {36E541ED-7F89-44A9-BD67-36A0F8D81F44}
	EndGlobalSection
EndGlobal
