
Microsoft Visual Studio Solution File, Format Version 12.00
# Visual Studio Version 16
VisualStudioVersion = 16.0.810.14
MinimumVisualStudioVersion = 10.0.40219.1
Project("{FAE04EC0-301F-11D3-BF4B-00C04F79EFBC}") = "AGSDocumentCore", "AGSDocumentCore\AGSDocumentCore.csproj", "{D5237A5C-9896-4DEE-BF29-D0B0E7237DF3}"
EndProject
Project("{FAE04EC0-301F-11D3-BF4B-00C04F79EFBC}") = "AGSDocumentInfrastructureEF", "AGSDocumentInfrastructureEF\AGSDocumentInfrastructureEF.csproj", "{09050174-A600-4458-90EC-5D274AD08520}"
EndProject
Project("{FAE04EC0-301F-11D3-BF4B-00C04F79EFBC}") = "AGSDocumentParseDocument", "AGSDocumentParseDocument\AGSDocumentParseDocument.csproj", "{CF97404C-1450-4B9C-9E60-7157430C3C32}"
EndProject
Project("{FAE04EC0-301F-11D3-BF4B-00C04F79EFBC}") = "AGSDocumentGraphQL", "AGSDocumentGraphQL\AGSDocumentGraphQL.csproj", "{1638DC50-0CDD-4F8C-BBFE-A37B4A645EA9}"
EndProject
Project("{FAE04EC0-301F-11D3-BF4B-00C04F79EFBC}") = "AGSDocumentFileService", "AGSDocumentFileService\AGSDocumentFileService.csproj", "{5168D910-CA5C-4EBF-811E-6F5AB19FDD0E}"
EndProject
Global
	GlobalSection(SolutionConfigurationPlatforms) = preSolution
		Debug|Any CPU = Debug|Any CPU
		Release|Any CPU = Release|Any CPU
	EndGlobalSection
	GlobalSection(ProjectConfigurationPlatforms) = postSolution
		{D5237A5C-9896-4DEE-BF29-D0B0E7237DF3}.Debug|Any CPU.ActiveCfg = Debug|Any CPU
		{D5237A5C-9896-4DEE-BF29-D0B0E7237DF3}.Debug|Any CPU.Build.0 = Debug|Any CPU
		{D5237A5C-9896-4DEE-BF29-D0B0E7237DF3}.Release|Any CPU.ActiveCfg = Release|Any CPU
		{D5237A5C-9896-4DEE-BF29-D0B0E7237DF3}.Release|Any CPU.Build.0 = Release|Any CPU
		{09050174-A600-4458-90EC-5D274AD08520}.Debug|Any CPU.ActiveCfg = Debug|Any CPU
		{09050174-A600-4458-90EC-5D274AD08520}.Debug|Any CPU.Build.0 = Debug|Any CPU
		{09050174-A600-4458-90EC-5D274AD08520}.Release|Any CPU.ActiveCfg = Release|Any CPU
		{09050174-A600-4458-90EC-5D274AD08520}.Release|Any CPU.Build.0 = Release|Any CPU
		{CF97404C-1450-4B9C-9E60-7157430C3C32}.Debug|Any CPU.ActiveCfg = Debug|Any CPU
		{CF97404C-1450-4B9C-9E60-7157430C3C32}.Debug|Any CPU.Build.0 = Debug|Any CPU
		{CF97404C-1450-4B9C-9E60-7157430C3C32}.Release|Any CPU.ActiveCfg = Release|Any CPU
		{CF97404C-1450-4B9C-9E60-7157430C3C32}.Release|Any CPU.Build.0 = Release|Any CPU
		{1638DC50-0CDD-4F8C-BBFE-A37B4A645EA9}.Debug|Any CPU.ActiveCfg = Debug|Any CPU
		{1638DC50-0CDD-4F8C-BBFE-A37B4A645EA9}.Debug|Any CPU.Build.0 = Debug|Any CPU
		{1638DC50-0CDD-4F8C-BBFE-A37B4A645EA9}.Release|Any CPU.ActiveCfg = Release|Any CPU
		{1638DC50-0CDD-4F8C-BBFE-A37B4A645EA9}.Release|Any CPU.Build.0 = Release|Any CPU
		{5168D910-CA5C-4EBF-811E-6F5AB19FDD0E}.Debug|Any CPU.ActiveCfg = Debug|Any CPU
		{5168D910-CA5C-4EBF-811E-6F5AB19FDD0E}.Debug|Any CPU.Build.0 = Debug|Any CPU
		{5168D910-CA5C-4EBF-811E-6F5AB19FDD0E}.Release|Any CPU.ActiveCfg = Release|Any CPU
		{5168D910-CA5C-4EBF-811E-6F5AB19FDD0E}.Release|Any CPU.Build.0 = Release|Any CPU
	EndGlobalSection
	GlobalSection(SolutionProperties) = preSolution
		HideSolutionNode = FALSE
	EndGlobalSection
	GlobalSection(ExtensibilityGlobals) = postSolution
		SolutionGuid = {5C4E4A28-37D5-49F6-B20F-25B117D359B8}
	EndGlobalSection
EndGlobal
